
Microsoft Visual Studio Solution File, Format Version 12.00
# Visual Studio Version 17
VisualStudioVersion = 17.6.33801.468
MinimumVisualStudioVersion = 10.0.40219.1
Project("{FAE04EC0-301F-11D3-BF4B-00C04F79EFBC}") = "Login Test 1", "Login Test 1\Login Test 1.csproj", "{D36337F4-FC11-4B7E-A438-2D1E05AFE66D}"
EndProject
Global
	GlobalSection(SolutionConfigurationPlatforms) = preSolution
		Debug|Any CPU = Debug|Any CPU
		Release|Any CPU = Release|Any CPU
	EndGlobalSection
	GlobalSection(ProjectConfigurationPlatforms) = postSolution
		{D36337F4-FC11-4B7E-A438-2D1E05AFE66D}.Debug|Any CPU.ActiveCfg = Debug|Any CPU
		{D36337F4-FC11-4B7E-A438-2D1E05AFE66D}.Debug|Any CPU.Build.0 = Debug|Any CPU
		{D36337F4-FC11-4B7E-A438-2D1E05AFE66D}.Release|Any CPU.ActiveCfg = Release|Any CPU
		{D36337F4-FC11-4B7E-A438-2D1E05AFE66D}.Release|Any CPU.Build.0 = Release|Any CPU
	EndGlobalSection
	GlobalSection(SolutionProperties) = preSolution
		HideSolutionNode = FALSE
	EndGlobalSection
	GlobalSection(ExtensibilityGlobals) = postSolution
		SolutionGuid = {ABC6FE39-E1B2-4518-997D-9EDDDBD509C0}
	EndGlobalSection
EndGlobal
